
Microsoft Visual Studio Solution File, Format Version 12.00
# Visual Studio Version 17
VisualStudioVersion = 17.0.31903.59
MinimumVisualStudioVersion = 10.0.40219.1
Project("{FAE04EC0-301F-11D3-BF4B-00C04F79EFBC}") = "DeviceService", "Services\DeviceService\DeviceService.csproj", "{DD7778A4-5F23-BFC6-EE16-C0326D96BE0F}"
EndProject
Project("{FAE04EC0-301F-11D3-BF4B-00C04F79EFBC}") = "TelemetryService", "Services\TelemetryService\TelemetryService.csproj", "{05F8898F-DF8B-A319-7469-D8DA3ABD68DD}"
EndProject
Project("{FAE04EC0-301F-11D3-BF4B-00C04F79EFBC}") = "AnalyticsService", "Services\AnalyticsService\AnalyticsService.csproj", "{50D3E934-F121-1146-5D3B-B316AD3CAA9C}"
EndProject
Project("{FAE04EC0-301F-11D3-BF4B-00C04F79EFBC}") = "IdentityService", "Services\IdentityService\IdentityService.csproj", "{E6BAA129-8599-5DB5-A7D6-8CC8172E12B3}"
EndProject
Project("{FAE04EC0-301F-11D3-BF4B-00C04F79EFBC}") = "NotificationService", "Services\NotificationService\NotificationService.csproj", "{C547D7DE-4527-2496-4F20-D46E669069D9}"
EndProject
Project("{FAE04EC0-301F-11D3-BF4B-00C04F79EFBC}") = "EventBus", "BuildingBlocks\EventBus\EventBus.csproj", "{B7E6D0E7-E6BC-DEE9-9C68-7E83CD8D24E9}"
EndProject
Project("{FAE04EC0-301F-11D3-BF4B-00C04F79EFBC}") = "SmartFactory.Tests", "SmartFactory.Tests\SmartFactory.Tests.csproj", "{83FF505C-C32B-4D02-97B7-2AFCC1630DDA}"
EndProject
Project("{2150E333-8FDC-42A3-9474-1A3956D46DE8}") = "Services", "Services", "{5854FF58-B8C5-05C6-5BF2-ACE42193F22B}"
EndProject
Project("{2150E333-8FDC-42A3-9474-1A3956D46DE8}") = "BuildingBlocks", "BuildingBlocks", "{7266C4A9-E384-DC00-0EB6-47F6002CFBA7}"
EndProject
Global
	GlobalSection(SolutionConfigurationPlatforms) = preSolution
		Debug|Any CPU = Debug|Any CPU
		Debug|x64 = Debug|x64
		Debug|x86 = Debug|x86
		Release|Any CPU = Release|Any CPU
		Release|x64 = Release|x64
		Release|x86 = Release|x86
	EndGlobalSection
	GlobalSection(ProjectConfigurationPlatforms) = postSolution
		{DD7778A4-5F23-BFC6-EE16-C0326D96BE0F}.Debug|Any CPU.ActiveCfg = Debug|Any CPU
		{DD7778A4-5F23-BFC6-EE16-C0326D96BE0F}.Debug|Any CPU.Build.0 = Debug|Any CPU
		{DD7778A4-5F23-BFC6-EE16-C0326D96BE0F}.Debug|x64.ActiveCfg = Debug|Any CPU
		{DD7778A4-5F23-BFC6-EE16-C0326D96BE0F}.Debug|x64.Build.0 = Debug|Any CPU
		{DD7778A4-5F23-BFC6-EE16-C0326D96BE0F}.Debug|x86.ActiveCfg = Debug|Any CPU
		{DD7778A4-5F23-BFC6-EE16-C0326D96BE0F}.Debug|x86.Build.0 = Debug|Any CPU
		{DD7778A4-5F23-BFC6-EE16-C0326D96BE0F}.Release|Any CPU.ActiveCfg = Release|Any CPU
		{DD7778A4-5F23-BFC6-EE16-C0326D96BE0F}.Release|Any CPU.Build.0 = Release|Any CPU
		{DD7778A4-5F23-BFC6-EE16-C0326D96BE0F}.Release|x64.ActiveCfg = Release|Any CPU
		{DD7778A4-5F23-BFC6-EE16-C0326D96BE0F}.Release|x64.Build.0 = Release|Any CPU
		{DD7778A4-5F23-BFC6-EE16-C0326D96BE0F}.Release|x86.ActiveCfg = Release|Any CPU
		{DD7778A4-5F23-BFC6-EE16-C0326D96BE0F}.Release|x86.Build.0 = Release|Any CPU
		{05F8898F-DF8B-A319-7469-D8DA3ABD68DD}.Debug|Any CPU.ActiveCfg = Debug|Any CPU
		{05F8898F-DF8B-A319-7469-D8DA3ABD68DD}.Debug|Any CPU.Build.0 = Debug|Any CPU
		{05F8898F-DF8B-A319-7469-D8DA3ABD68DD}.Debug|x64.ActiveCfg = Debug|Any CPU
		{05F8898F-DF8B-A319-7469-D8DA3ABD68DD}.Debug|x64.Build.0 = Debug|Any CPU
		{05F8898F-DF8B-A319-7469-D8DA3ABD68DD}.Debug|x86.ActiveCfg = Debug|Any CPU
		{05F8898F-DF8B-A319-7469-D8DA3ABD68DD}.Debug|x86.Build.0 = Debug|Any CPU
		{05F8898F-DF8B-A319-7469-D8DA3ABD68DD}.Release|Any CPU.ActiveCfg = Release|Any CPU
		{05F8898F-DF8B-A319-7469-D8DA3ABD68DD}.Release|Any CPU.Build.0 = Release|Any CPU
		{05F8898F-DF8B-A319-7469-D8DA3ABD68DD}.Release|x64.ActiveCfg = Release|Any CPU
		{05F8898F-DF8B-A319-7469-D8DA3ABD68DD}.Release|x64.Build.0 = Release|Any CPU
		{05F8898F-DF8B-A319-7469-D8DA3ABD68DD}.Release|x86.ActiveCfg = Release|Any CPU
		{05F8898F-DF8B-A319-7469-D8DA3ABD68DD}.Release|x86.Build.0 = Release|Any CPU
		{50D3E934-F121-1146-5D3B-B316AD3CAA9C}.Debug|Any CPU.ActiveCfg = Debug|Any CPU
		{50D3E934-F121-1146-5D3B-B316AD3CAA9C}.Debug|Any CPU.Build.0 = Debug|Any CPU
		{50D3E934-F121-1146-5D3B-B316AD3CAA9C}.Debug|x64.ActiveCfg = Debug|Any CPU
		{50D3E934-F121-1146-5D3B-B316AD3CAA9C}.Debug|x64.Build.0 = Debug|Any CPU
		{50D3E934-F121-1146-5D3B-B316AD3CAA9C}.Debug|x86.ActiveCfg = Debug|Any CPU
		{50D3E934-F121-1146-5D3B-B316AD3CAA9C}.Debug|x86.Build.0 = Debug|Any CPU
		{50D3E934-F121-1146-5D3B-B316AD3CAA9C}.Release|Any CPU.ActiveCfg = Release|Any CPU
		{50D3E934-F121-1146-5D3B-B316AD3CAA9C}.Release|Any CPU.Build.0 = Release|Any CPU
		{50D3E934-F121-1146-5D3B-B316AD3CAA9C}.Release|x64.ActiveCfg = Release|Any CPU
		{50D3E934-F121-1146-5D3B-B316AD3CAA9C}.Release|x64.Build.0 = Release|Any CPU
		{50D3E934-F121-1146-5D3B-B316AD3CAA9C}.Release|x86.ActiveCfg = Release|Any CPU
		{50D3E934-F121-1146-5D3B-B316AD3CAA9C}.Release|x86.Build.0 = Release|Any CPU
		{E6BAA129-8599-5DB5-A7D6-8CC8172E12B3}.Debug|Any CPU.ActiveCfg = Debug|Any CPU
		{E6BAA129-8599-5DB5-A7D6-8CC8172E12B3}.Debug|Any CPU.Build.0 = Debug|Any CPU
		{E6BAA129-8599-5DB5-A7D6-8CC8172E12B3}.Debug|x64.ActiveCfg = Debug|Any CPU
		{E6BAA129-8599-5DB5-A7D6-8CC8172E12B3}.Debug|x64.Build.0 = Debug|Any CPU
		{E6BAA129-8599-5DB5-A7D6-8CC8172E12B3}.Debug|x86.ActiveCfg = Debug|Any CPU
		{E6BAA129-8599-5DB5-A7D6-8CC8172E12B3}.Debug|x86.Build.0 = Debug|Any CPU
		{E6BAA129-8599-5DB5-A7D6-8CC8172E12B3}.Release|Any CPU.ActiveCfg = Release|Any CPU
		{E6BAA129-8599-5DB5-A7D6-8CC8172E12B3}.Release|Any CPU.Build.0 = Release|Any CPU
		{E6BAA129-8599-5DB5-A7D6-8CC8172E12B3}.Release|x64.ActiveCfg = Release|Any CPU
		{E6BAA129-8599-5DB5-A7D6-8CC8172E12B3}.Release|x64.Build.0 = Release|Any CPU
		{E6BAA129-8599-5DB5-A7D6-8CC8172E12B3}.Release|x86.ActiveCfg = Release|Any CPU
		{E6BAA129-8599-5DB5-A7D6-8CC8172E12B3}.Release|x86.Build.0 = Release|Any CPU
		{C547D7DE-4527-2496-4F20-D46E669069D9}.Debug|Any CPU.ActiveCfg = Debug|Any CPU
		{C547D7DE-4527-2496-4F20-D46E669069D9}.Debug|Any CPU.Build.0 = Debug|Any CPU
		{C547D7DE-4527-2496-4F20-D46E669069D9}.Debug|x64.ActiveCfg = Debug|Any CPU
		{C547D7DE-4527-2496-4F20-D46E669069D9}.Debug|x64.Build.0 = Debug|Any CPU
		{C547D7DE-4527-2496-4F20-D46E669069D9}.Debug|x86.ActiveCfg = Debug|Any CPU
		{C547D7DE-4527-2496-4F20-D46E669069D9}.Debug|x86.Build.0 = Debug|Any CPU
		{C547D7DE-4527-2496-4F20-D46E669069D9}.Release|Any CPU.ActiveCfg = Release|Any CPU
		{C547D7DE-4527-2496-4F20-D46E669069D9}.Release|Any CPU.Build.0 = Release|Any CPU
		{C547D7DE-4527-2496-4F20-D46E669069D9}.Release|x64.ActiveCfg = Release|Any CPU
		{C547D7DE-4527-2496-4F20-D46E669069D9}.Release|x64.Build.0 = Release|Any CPU
		{C547D7DE-4527-2496-4F20-D46E669069D9}.Release|x86.ActiveCfg = Release|Any CPU
		{C547D7DE-4527-2496-4F20-D46E669069D9}.Release|x86.Build.0 = Release|Any CPU
		{B7E6D0E7-E6BC-DEE9-9C68-7E83CD8D24E9}.Debug|Any CPU.ActiveCfg = Debug|Any CPU
		{B7E6D0E7-E6BC-DEE9-9C68-7E83CD8D24E9}.Debug|Any CPU.Build.0 = Debug|Any CPU
		{B7E6D0E7-E6BC-DEE9-9C68-7E83CD8D24E9}.Debug|x64.ActiveCfg = Debug|Any CPU
		{B7E6D0E7-E6BC-DEE9-9C68-7E83CD8D24E9}.Debug|x64.Build.0 = Debug|Any CPU
		{B7E6D0E7-E6BC-DEE9-9C68-7E83CD8D24E9}.Debug|x86.ActiveCfg = Debug|Any CPU
		{B7E6D0E7-E6BC-DEE9-9C68-7E83CD8D24E9}.Debug|x86.Build.0 = Debug|Any CPU
		{B7E6D0E7-E6BC-DEE9-9C68-7E83CD8D24E9}.Release|Any CPU.ActiveCfg = Release|Any CPU
		{B7E6D0E7-E6BC-DEE9-9C68-7E83CD8D24E9}.Release|Any CPU.Build.0 = Release|Any CPU
		{B7E6D0E7-E6BC-DEE9-9C68-7E83CD8D24E9}.Release|x64.ActiveCfg = Release|Any CPU
		{B7E6D0E7-E6BC-DEE9-9C68-7E83CD8D24E9}.Release|x64.Build.0 = Release|Any CPU
		{B7E6D0E7-E6BC-DEE9-9C68-7E83CD8D24E9}.Release|x86.ActiveCfg = Release|Any CPU
		{B7E6D0E7-E6BC-DEE9-9C68-7E83CD8D24E9}.Release|x86.Build.0 = Release|Any CPU
		{83FF505C-C32B-4D02-97B7-2AFCC1630DDA}.Debug|Any CPU.ActiveCfg = Debug|Any CPU
		{83FF505C-C32B-4D02-97B7-2AFCC1630DDA}.Debug|Any CPU.Build.0 = Debug|Any CPU
		{83FF505C-C32B-4D02-97B7-2AFCC1630DDA}.Debug|x64.ActiveCfg = Debug|Any CPU
		{83FF505C-C32B-4D02-97B7-2AFCC1630DDA}.Debug|x64.Build.0 = Debug|Any CPU
		{83FF505C-C32B-4D02-97B7-2AFCC1630DDA}.Debug|x86.ActiveCfg = Debug|Any CPU
		{83FF505C-C32B-4D02-97B7-2AFCC1630DDA}.Debug|x86.Build.0 = Debug|Any CPU
		{83FF505C-C32B-4D02-97B7-2AFCC1630DDA}.Release|Any CPU.ActiveCfg = Release|Any CPU
		{83FF505C-C32B-4D02-97B7-2AFCC1630DDA}.Release|Any CPU.Build.0 = Release|Any CPU
		{83FF505C-C32B-4D02-97B7-2AFCC1630DDA}.Release|x64.ActiveCfg = Release|Any CPU
		{83FF505C-C32B-4D02-97B7-2AFCC1630DDA}.Release|x64.Build.0 = Release|Any CPU
		{83FF505C-C32B-4D02-97B7-2AFCC1630DDA}.Release|x86.ActiveCfg = Release|Any CPU
		{83FF505C-C32B-4D02-97B7-2AFCC1630DDA}.Release|x86.Build.0 = Release|Any CPU
	EndGlobalSection
	GlobalSection(SolutionProperties) = preSolution
		HideSolutionNode = FALSE
	EndGlobalSection
EndGlobal
